# THIS IS AN AUTOGENERATED FILE. DO NOT EDIT THIS FILE DIRECTLY.
# yarn lockfile v1


react-infinite-scroll-hook@^3.0.0:
  version "3.0.0"
  resolved "https://registry.yarnpkg.com/react-infinite-scroll-hook/-/react-infinite-scroll-hook-3.0.0.tgz#13b1b4f95769a75da9d615905f4cbf78ccebf1f1"
  integrity sha512-uLWsLAZ4jJqv6iHq4w7sySK6P059xgh1I98MSiV3UhZacMELhcdr9AycobC41ctIXU/Z9+caPNWwiJJZHwKCaw==
